
Microsoft Visual Studio Solution File, Format Version 12.00
# Visual Studio 14
VisualStudioVersion = 14.0.25420.1
MinimumVisualStudioVersion = 10.0.40219.1
Project("{FAE04EC0-301F-11D3-BF4B-00C04F79EFBC}") = "PullingHook", "src\PullingHook\PullingHook.csproj", "{0E5C3E75-AFA0-495E-8209-110AA1F2147C}"
EndProject
Project("{2150E333-8FDC-42A3-9474-1A3956D46DE8}") = "Test", "Test", "{87BD471F-ADE0-4BF4-A1B7-8FFE720536B7}"
EndProject
Project("{FAE04EC0-301F-11D3-BF4B-00C04F79EFBC}") = "PullingHook.Storage.Memory", "src\PullingHook.Storage.Memory\PullingHook.Storage.Memory.csproj", "{FA030029-97D9-4DC9-85CA-F3E64B529B7A}"
EndProject
Project("{FAE04EC0-301F-11D3-BF4B-00C04F79EFBC}") = "PullingHook.Hasher.Sha1", "src\PullingHook.Hasher.Sha1\PullingHook.Hasher.Sha1.csproj", "{92F7EC1D-D773-4251-869C-7D809A43E509}"
EndProject
Project("{FAE04EC0-301F-11D3-BF4B-00C04F79EFBC}") = "PullingHook.Fluent", "src\PullingHook.Fluent\PullingHook.Fluent.csproj", "{B7B5B1AC-B46B-4903-BF41-BDE2A9D96126}"
EndProject
Project("{FAE04EC0-301F-11D3-BF4B-00C04F79EFBC}") = "PullingHook.Scheduler.Fluent", "src\PullingHook.Scheduler.Fluent\PullingHook.Scheduler.Fluent.csproj", "{1E50E6C0-A7FE-4C18-8029-F79EA2D50F47}"
EndProject
Project("{2150E333-8FDC-42A3-9474-1A3956D46DE8}") = "Solution Items", "Solution Items", "{55AB83FA-D350-425A-AEA0-430CAB750328}"
	ProjectSection(SolutionItems) = preProject
		.gitignore = .gitignore
		LICENSE = LICENSE
		README.md = README.md
	EndProjectSection
EndProject
Project("{FAE04EC0-301F-11D3-BF4B-00C04F79EFBC}") = "PullingHook.Tests", "test\PullingHook.Tests\PullingHook.Tests.csproj", "{BEEE206D-BCD5-42EE-BAEC-672579D09E54}"
EndProject
Project("{FAE04EC0-301F-11D3-BF4B-00C04F79EFBC}") = "PullingHook.Scheduler.Fluent.Tests", "test\PullingHook.Scheduler.Fluent.Tests\PullingHook.Scheduler.Fluent.Tests.csproj", "{43E92435-EB71-4F6D-BA70-8F6E7CB477FA}"
EndProject
Project("{FAE04EC0-301F-11D3-BF4B-00C04F79EFBC}") = "PullingHook.Fluent.Tests", "test\PullingHook.Fluent.Tests\PullingHook.Fluent.Tests.csproj", "{316EEA6B-CA40-4B06-9AC6-E787A89BA60D}"
EndProject
Global
	GlobalSection(SolutionConfigurationPlatforms) = preSolution
		Debug|Any CPU = Debug|Any CPU
		Release|Any CPU = Release|Any CPU
	EndGlobalSection
	GlobalSection(ProjectConfigurationPlatforms) = postSolution
		{0E5C3E75-AFA0-495E-8209-110AA1F2147C}.Debug|Any CPU.ActiveCfg = Debug|Any CPU
		{0E5C3E75-AFA0-495E-8209-110AA1F2147C}.Debug|Any CPU.Build.0 = Debug|Any CPU
		{0E5C3E75-AFA0-495E-8209-110AA1F2147C}.Release|Any CPU.ActiveCfg = Release|Any CPU
		{0E5C3E75-AFA0-495E-8209-110AA1F2147C}.Release|Any CPU.Build.0 = Release|Any CPU
		{FA030029-97D9-4DC9-85CA-F3E64B529B7A}.Debug|Any CPU.ActiveCfg = Debug|Any CPU
		{FA030029-97D9-4DC9-85CA-F3E64B529B7A}.Debug|Any CPU.Build.0 = Debug|Any CPU
		{FA030029-97D9-4DC9-85CA-F3E64B529B7A}.Release|Any CPU.ActiveCfg = Release|Any CPU
		{FA030029-97D9-4DC9-85CA-F3E64B529B7A}.Release|Any CPU.Build.0 = Release|Any CPU
		{92F7EC1D-D773-4251-869C-7D809A43E509}.Debug|Any CPU.ActiveCfg = Debug|Any CPU
		{92F7EC1D-D773-4251-869C-7D809A43E509}.Debug|Any CPU.Build.0 = Debug|Any CPU
		{92F7EC1D-D773-4251-869C-7D809A43E509}.Release|Any CPU.ActiveCfg = Release|Any CPU
		{92F7EC1D-D773-4251-869C-7D809A43E509}.Release|Any CPU.Build.0 = Release|Any CPU
		{B7B5B1AC-B46B-4903-BF41-BDE2A9D96126}.Debug|Any CPU.ActiveCfg = Debug|Any CPU
		{B7B5B1AC-B46B-4903-BF41-BDE2A9D96126}.Debug|Any CPU.Build.0 = Debug|Any CPU
		{B7B5B1AC-B46B-4903-BF41-BDE2A9D96126}.Release|Any CPU.ActiveCfg = Release|Any CPU
		{B7B5B1AC-B46B-4903-BF41-BDE2A9D96126}.Release|Any CPU.Build.0 = Release|Any CPU
		{1E50E6C0-A7FE-4C18-8029-F79EA2D50F47}.Debug|Any CPU.ActiveCfg = Debug|Any CPU
		{1E50E6C0-A7FE-4C18-8029-F79EA2D50F47}.Debug|Any CPU.Build.0 = Debug|Any CPU
		{1E50E6C0-A7FE-4C18-8029-F79EA2D50F47}.Release|Any CPU.ActiveCfg = Release|Any CPU
		{1E50E6C0-A7FE-4C18-8029-F79EA2D50F47}.Release|Any CPU.Build.0 = Release|Any CPU
		{BEEE206D-BCD5-42EE-BAEC-672579D09E54}.Debug|Any CPU.ActiveCfg = Debug|Any CPU
		{BEEE206D-BCD5-42EE-BAEC-672579D09E54}.Debug|Any CPU.Build.0 = Debug|Any CPU
		{BEEE206D-BCD5-42EE-BAEC-672579D09E54}.Release|Any CPU.ActiveCfg = Release|Any CPU
		{43E92435-EB71-4F6D-BA70-8F6E7CB477FA}.Debug|Any CPU.ActiveCfg = Debug|Any CPU
		{43E92435-EB71-4F6D-BA70-8F6E7CB477FA}.Debug|Any CPU.Build.0 = Debug|Any CPU
		{43E92435-EB71-4F6D-BA70-8F6E7CB477FA}.Release|Any CPU.ActiveCfg = Release|Any CPU
		{316EEA6B-CA40-4B06-9AC6-E787A89BA60D}.Debug|Any CPU.ActiveCfg = Debug|Any CPU
		{316EEA6B-CA40-4B06-9AC6-E787A89BA60D}.Debug|Any CPU.Build.0 = Debug|Any CPU
		{316EEA6B-CA40-4B06-9AC6-E787A89BA60D}.Release|Any CPU.ActiveCfg = Release|Any CPU
	EndGlobalSection
	GlobalSection(SolutionProperties) = preSolution
		HideSolutionNode = FALSE
	EndGlobalSection
	GlobalSection(NestedProjects) = preSolution
		{BEEE206D-BCD5-42EE-BAEC-672579D09E54} = {87BD471F-ADE0-4BF4-A1B7-8FFE720536B7}
		{43E92435-EB71-4F6D-BA70-8F6E7CB477FA} = {87BD471F-ADE0-4BF4-A1B7-8FFE720536B7}
		{316EEA6B-CA40-4B06-9AC6-E787A89BA60D} = {87BD471F-ADE0-4BF4-A1B7-8FFE720536B7}
	EndGlobalSection
EndGlobal
